{
  "name": "lsm-ygopro-cli",
  "version": "1.0.0",
  "lockfileVersion": 3,
  "requires": true,
  "packages": {
    "": {
      "name": "lsm-ygopro-cli",
      "version": "1.0.0",
      "license": "ISC",
      "dependencies": {
        "label-sql-mapping-sdk": "file:../label-sql-mapping-sdk"
      },
      "bin": {
        "ygopro": "index.js"
      }
    },
    "../label-sql-mapping-sdk": {
      "name": "lsm-sdk",
      "version": "1.0.0",
      "license": "ISC",
      "dependencies": {
        "commander": "^12.1.0",
        "simple-git": "^3.24.0",
        "sqlite3": "^5.1.7",
        "yaml": "^2.3.4"
      },
      "bin": {
        "lsm": "dist/cli/index.js"
      },
      "devDependencies": {
        "@types/node": "^20.11.30",
        "typescript": "^5.4.3"
      }
    },
    "../lsm-sdk": {
      "version": "1.0.0",
      "extraneous": true,
      "license": "ISC",
      "dependencies": {
        "commander": "^12.1.0",
        "simple-git": "^3.24.0",
        "sqlite3": "^5.1.7",
        "yaml": "^2.3.4"
      },
      "bin": {
        "lsm": "dist/cli/index.js"
      },
      "devDependencies": {
        "@types/node": "^20.11.30",
        "typescript": "^5.4.3"
      }
    },
    "node_modules/label-sql-mapping-sdk": {
      "resolved": "../label-sql-mapping-sdk",
      "link": true
    }
  }
}
